{
  "name": "infra",
  "version": "0.1.0",
  "lockfileVersion": 3,
  "requires": true,
  "packages": {
    "": {
      "name": "infra",
      "version": "0.1.0",
      "dependencies": {
        "@aws-cdk/aws-amplify-alpha": "2.214.0-alpha.0",
        "@aws-sdk/client-bedrock-agentcore": "^3.891.0",
        "aws-cdk-lib": "2.214.0",
        "cdk-nag": "^2.37.21",
        "constructs": "^10.4.2",
        "esbuild": "^0.25.9"
      },
      "bin": {
        "infra": "bin/infra.js"
      },
      "devDependencies": {
        "@types/aws-lambda": "^8.10.152",
        "@types/node": "24.3.0",
        "aws-cdk": "2.1027.0",
        "typescript": "~5.9.2"
      }
    },
    "../../node_modules/.pnpm/@aws-cdk+aws-amplify-alpha@2.214.0-alpha.0_aws-cdk-lib@2.214.0_constructs@10.4.2__constructs@10.4.2/node_modules/@aws-cdk/aws-amplify-alpha": {
      "version": "2.214.0-alpha.0",
      "license": "Apache-2.0",
      "devDependencies": {
        "@aws-cdk/cdk-build-tools": "2.214.0-alpha.0",
        "@aws-cdk/custom-resource-handlers": "2.214.0-alpha.0",
        "@aws-cdk/integ-runner": "^2.190.2",
        "@aws-cdk/integ-tests-alpha": "2.214.0-alpha.0",
        "@aws-cdk/pkglint": "2.214.0-alpha.0",
        "@aws-sdk/client-amplify": "3.632.0",
        "@aws-sdk/client-s3": "3.632.0",
        "@aws-sdk/s3-request-presigner": "3.632.0",
        "@types/jest": "^29.5.14",
        "aws-cdk-lib": "2.214.0",
        "constructs": "^10.0.0"
      },
      "engines": {
        "node": ">= 18.0.0"
      },
      "peerDependencies": {
        "aws-cdk-lib": "^2.214.0",
        "constructs": "^10.0.0"
      }
    },
    "../../node_modules/.pnpm/@aws-sdk+client-bedrock-agentcore@3.891.0/node_modules/@aws-sdk/client-bedrock-agentcore": {
      "version": "3.891.0",
      "license": "Apache-2.0",
      "dependencies": {
        "@aws-crypto/sha256-browser": "5.2.0",
        "@aws-crypto/sha256-js": "5.2.0",
        "@aws-sdk/core": "3.890.0",
        "@aws-sdk/credential-provider-node": "3.891.0",
        "@aws-sdk/middleware-host-header": "3.891.0",
        "@aws-sdk/middleware-logger": "3.891.0",
        "@aws-sdk/middleware-recursion-detection": "3.891.0",
        "@aws-sdk/middleware-user-agent": "3.891.0",
        "@aws-sdk/region-config-resolver": "3.890.0",
        "@aws-sdk/types": "3.887.0",
        "@aws-sdk/util-endpoints": "3.891.0",
        "@aws-sdk/util-user-agent-browser": "3.887.0",
        "@aws-sdk/util-user-agent-node": "3.891.0",
        "@smithy/config-resolver": "^4.2.2",
        "@smithy/core": "^3.11.0",
        "@smithy/eventstream-serde-browser": "^4.1.1",
        "@smithy/eventstream-serde-config-resolver": "^4.2.1",
        "@smithy/eventstream-serde-node": "^4.1.1",
        "@smithy/fetch-http-handler": "^5.2.1",
        "@smithy/hash-node": "^4.1.1",
        "@smithy/invalid-dependency": "^4.1.1",
        "@smithy/middleware-content-length": "^4.1.1",
        "@smithy/middleware-endpoint": "^4.2.2",
        "@smithy/middleware-retry": "^4.2.3",
        "@smithy/middleware-serde": "^4.1.1",
        "@smithy/middleware-stack": "^4.1.1",
        "@smithy/node-config-provider": "^4.2.2",
        "@smithy/node-http-handler": "^4.2.1",
        "@smithy/protocol-http": "^5.2.1",
        "@smithy/smithy-client": "^4.6.2",
        "@smithy/types": "^4.5.0",
        "@smithy/url-parser": "^4.1.1",
        "@smithy/util-base64": "^4.1.0",
        "@smithy/util-body-length-browser": "^4.1.0",
        "@smithy/util-body-length-node": "^4.1.0",
        "@smithy/util-defaults-mode-browser": "^4.1.2",
        "@smithy/util-defaults-mode-node": "^4.1.2",
        "@smithy/util-endpoints": "^3.1.2",
        "@smithy/util-middleware": "^4.1.1",
        "@smithy/util-retry": "^4.1.2",
        "@smithy/util-stream": "^4.3.1",
        "@smithy/util-utf8": "^4.1.0",
        "@types/uuid": "^9.0.1",
        "tslib": "^2.6.2",
        "uuid": "^9.0.1"
      },
      "devDependencies": {
        "@tsconfig/node18": "18.2.4",
        "@types/node": "^18.19.69",
        "concurrently": "7.0.0",
        "downlevel-dts": "0.10.1",
        "rimraf": "3.0.2",
        "typescript": "~5.8.3"
      },
      "engines": {
        "node": ">=18.0.0"
      }
    },
    "../../node_modules/.pnpm/@types+node@24.3.0/node_modules/@types/node": {
      "version": "24.3.0",
      "dev": true,
      "license": "MIT",
      "dependencies": {
        "undici-types": "~7.10.0"
      }
    },
    "../../node_modules/.pnpm/aws-cdk-lib@2.214.0_constructs@10.4.2/node_modules/aws-cdk-lib": {
      "version": "2.214.0",
      "bundleDependencies": [
        "@balena/dockerignore",
        "case",
        "fs-extra",
        "ignore",
        "jsonschema",
        "minimatch",
        "punycode",
        "semver",
        "table",
        "yaml",
        "mime-types"
      ],
      "license": "Apache-2.0",
      "dependencies": {
        "@aws-cdk/asset-awscli-v1": "2.2.242",
        "@aws-cdk/asset-node-proxy-agent-v6": "^2.1.0",
        "@aws-cdk/cloud-assembly-schema": "^48.6.0",
        "@balena/dockerignore": "^1.0.2",
        "case": "1.6.3",
        "fs-extra": "^11.3.1",
        "ignore": "^5.3.2",
        "jsonschema": "^1.5.0",
        "mime-types": "^2.1.35",
        "minimatch": "^3.1.2",
        "punycode": "^2.3.1",
        "semver": "^7.7.2",
        "table": "^6.9.0",
        "yaml": "1.10.2"
      },
      "devDependencies": {
        "@aws-cdk/aws-custom-resource-sdk-adapter": "2.214.0-alpha.0",
        "@aws-cdk/aws-service-spec": "^0.1.94",
        "@aws-cdk/cdk-build-tools": "2.214.0-alpha.0",
        "@aws-cdk/custom-resource-handlers": "2.214.0-alpha.0",
        "@aws-cdk/lambda-layer-kubectl-v31": "^2.1.0",
        "@aws-cdk/lazify": "2.214.0-alpha.0",
        "@aws-cdk/pkglint": "2.214.0-alpha.0",
        "@aws-cdk/spec2cdk": "2.214.0-alpha.0",
        "@aws-sdk/client-account": "3.632.0",
        "@aws-sdk/client-acm": "3.632.0",
        "@aws-sdk/client-cloudwatch-logs": "3.632.0",
        "@aws-sdk/client-codepipeline": "3.632.0",
        "@aws-sdk/client-dynamodb": "3.632.0",
        "@aws-sdk/client-ec2": "3.632.0",
        "@aws-sdk/client-ecr": "3.632.0",
        "@aws-sdk/client-eks": "3.632.0",
        "@aws-sdk/client-iam": "3.632.0",
        "@aws-sdk/client-lambda": "3.632.0",
        "@aws-sdk/client-route-53": "3.632.0",
        "@aws-sdk/client-s3": "3.632.0",
        "@aws-sdk/client-sfn": "3.632.0",
        "@aws-sdk/client-ssm": "3.632.0",
        "@aws-sdk/client-sts": "3.632.0",
        "@aws-sdk/credential-providers": "3.632.0",
        "@smithy/node-http-handler": "3.3.3",
        "@smithy/types": "3.7.2",
        "@smithy/util-stream": "3.3.4",
        "@types/aws-lambda": "^8.10.152",
        "@types/jest": "^29.5.14",
        "@types/lodash": "^4.17.20",
        "@types/mime-types": "^2.1.4",
        "@types/punycode": "^2.1.4",
        "aws-sdk-client-mock": "4.1.0",
        "aws-sdk-client-mock-jest": "4.1.0",
        "cdk8s": "2.70.11",
        "constructs": "^10.0.0",
        "delay": "5.0.0",
        "esbuild": "^0.25.9",
        "fast-check": "^3.23.2",
        "jest": "^29.7.0",
        "jest-each": "^29.7.0",
        "jest-environment-node": "^29.7.0",
        "lambda-tester": "^4.0.1",
        "lodash": "^4.17.21",
        "nock": "^13.5.6",
        "sinon": "^9.2.4",
        "ts-mock-imports": "^1.3.17",
        "ts-node": "^10.9.2",
        "typescript": "~5.5.4",
        "typescript-json-schema": "^0.65.1"
      },
      "engines": {
        "node": ">= 18.0.0"
      },
      "peerDependencies": {
        "constructs": "^10.0.0"
      }
    },
    "../../node_modules/.pnpm/aws-cdk-lib@2.214.0_constructs@10.4.2/node_modules/aws-cdk-lib/node_modules/@balena/dockerignore": {
      "version": "1.0.2",
      "inBundle": true,
      "license": "Apache-2.0"
    },
    "../../node_modules/.pnpm/aws-cdk-lib@2.214.0_constructs@10.4.2/node_modules/aws-cdk-lib/node_modules/ajv": {
      "version": "8.17.1",
      "inBundle": true,
      "license": "MIT",
      "dependencies": {
        "fast-deep-equal": "^3.1.3",
        "fast-uri": "^3.0.1",
        "json-schema-traverse": "^1.0.0",
        "require-from-string": "^2.0.2"
      },
      "funding": {
        "type": "github",
        "url": "https://github.com/sponsors/epoberezkin"
      }
    },
    "../../node_modules/.pnpm/aws-cdk-lib@2.214.0_constructs@10.4.2/node_modules/aws-cdk-lib/node_modules/ansi-regex": {
      "version": "5.0.1",
      "inBundle": true,
      "license": "MIT",
      "engines": {
        "node": ">=8"
      }
    },
    "../../node_modules/.pnpm/aws-cdk-lib@2.214.0_constructs@10.4.2/node_modules/aws-cdk-lib/node_modules/ansi-styles": {
      "version": "4.3.0",
      "inBundle": true,
      "license": "MIT",
      "dependencies": {
        "color-convert": "^2.0.1"
      },
      "engines": {
        "node": ">=8"
      },
      "funding": {
        "url": "https://github.com/chalk/ansi-styles?sponsor=1"
      }
    },
    "../../node_modules/.pnpm/aws-cdk-lib@2.214.0_constructs@10.4.2/node_modules/aws-cdk-lib/node_modules/astral-regex": {
      "version": "2.0.0",
      "inBundle": true,
      "license": "MIT",
      "engines": {
        "node": ">=8"
      }
    },
    "../../node_modules/.pnpm/aws-cdk-lib@2.214.0_constructs@10.4.2/node_modules/aws-cdk-lib/node_modules/balanced-match": {
      "version": "1.0.2",
      "inBundle": true,
      "license": "MIT"
    },
    "../../node_modules/.pnpm/aws-cdk-lib@2.214.0_constructs@10.4.2/node_modules/aws-cdk-lib/node_modules/brace-expansion": {
      "version": "1.1.12",
      "inBundle": true,
      "license": "MIT",
      "dependencies": {
        "balanced-match": "^1.0.0",
        "concat-map": "0.0.1"
      }
    },
    "../../node_modules/.pnpm/aws-cdk-lib@2.214.0_constructs@10.4.2/node_modules/aws-cdk-lib/node_modules/case": {
      "version": "1.6.3",
      "inBundle": true,
      "license": "(MIT OR GPL-3.0-or-later)",
      "engines": {
        "node": ">= 0.8.0"
      }
    },
    "../../node_modules/.pnpm/aws-cdk-lib@2.214.0_constructs@10.4.2/node_modules/aws-cdk-lib/node_modules/color-convert": {
      "version": "2.0.1",
      "inBundle": true,
      "license": "MIT",
      "dependencies": {
        "color-name": "~1.1.4"
      },
      "engines": {
        "node": ">=7.0.0"
      }
    },
    "../../node_modules/.pnpm/aws-cdk-lib@2.214.0_constructs@10.4.2/node_modules/aws-cdk-lib/node_modules/color-name": {
      "version": "1.1.4",
      "inBundle": true,
      "license": "MIT"
    },
    "../../node_modules/.pnpm/aws-cdk-lib@2.214.0_constructs@10.4.2/node_modules/aws-cdk-lib/node_modules/concat-map": {
      "version": "0.0.1",
      "inBundle": true,
      "license": "MIT"
    },
    "../../node_modules/.pnpm/aws-cdk-lib@2.214.0_constructs@10.4.2/node_modules/aws-cdk-lib/node_modules/emoji-regex": {
      "version": "8.0.0",
      "inBundle": true,
      "license": "MIT"
    },
    "../../node_modules/.pnpm/aws-cdk-lib@2.214.0_constructs@10.4.2/node_modules/aws-cdk-lib/node_modules/fast-deep-equal": {
      "version": "3.1.3",
      "inBundle": true,
      "license": "MIT"
    },
    "../../node_modules/.pnpm/aws-cdk-lib@2.214.0_constructs@10.4.2/node_modules/aws-cdk-lib/node_modules/fast-uri": {
      "version": "3.1.0",
      "funding": [
        {
          "type": "github",
          "url": "https://github.com/sponsors/fastify"
        },
        {
          "type": "opencollective",
          "url": "https://opencollective.com/fastify"
        }
      ],
      "inBundle": true,
      "license": "BSD-3-Clause"
    },
    "../../node_modules/.pnpm/aws-cdk-lib@2.214.0_constructs@10.4.2/node_modules/aws-cdk-lib/node_modules/fs-extra": {
      "version": "11.3.1",
      "inBundle": true,
      "license": "MIT",
      "dependencies": {
        "graceful-fs": "^4.2.0",
        "jsonfile": "^6.0.1",
        "universalify": "^2.0.0"
      },
      "engines": {
        "node": ">=14.14"
      }
    },
    "../../node_modules/.pnpm/aws-cdk-lib@2.214.0_constructs@10.4.2/node_modules/aws-cdk-lib/node_modules/graceful-fs": {
      "version": "4.2.11",
      "inBundle": true,
      "license": "ISC"
    },
    "../../node_modules/.pnpm/aws-cdk-lib@2.214.0_constructs@10.4.2/node_modules/aws-cdk-lib/node_modules/ignore": {
      "version": "5.3.2",
      "inBundle": true,
      "license": "MIT",
      "engines": {
        "node": ">= 4"
      }
    },
    "../../node_modules/.pnpm/aws-cdk-lib@2.214.0_constructs@10.4.2/node_modules/aws-cdk-lib/node_modules/is-fullwidth-code-point": {
      "version": "3.0.0",
      "inBundle": true,
      "license": "MIT",
      "engines": {
        "node": ">=8"
      }
    },
    "../../node_modules/.pnpm/aws-cdk-lib@2.214.0_constructs@10.4.2/node_modules/aws-cdk-lib/node_modules/json-schema-traverse": {
      "version": "1.0.0",
      "inBundle": true,
      "license": "MIT"
    },
    "../../node_modules/.pnpm/aws-cdk-lib@2.214.0_constructs@10.4.2/node_modules/aws-cdk-lib/node_modules/jsonfile": {
      "version": "6.2.0",
      "inBundle": true,
      "license": "MIT",
      "dependencies": {
        "universalify": "^2.0.0"
      },
      "optionalDependencies": {
        "graceful-fs": "^4.1.6"
      }
    },
    "../../node_modules/.pnpm/aws-cdk-lib@2.214.0_constructs@10.4.2/node_modules/aws-cdk-lib/node_modules/jsonschema": {
      "version": "1.5.0",
      "inBundle": true,
      "license": "MIT",
      "engines": {
        "node": "*"
      }
    },
    "../../node_modules/.pnpm/aws-cdk-lib@2.214.0_constructs@10.4.2/node_modules/aws-cdk-lib/node_modules/lodash.truncate": {
      "version": "4.4.2",
      "inBundle": true,
      "license": "MIT"
    },
    "../../node_modules/.pnpm/aws-cdk-lib@2.214.0_constructs@10.4.2/node_modules/aws-cdk-lib/node_modules/mime-db": {
      "version": "1.52.0",
      "inBundle": true,
      "license": "MIT",
      "engines": {
        "node": ">= 0.6"
      }
    },
    "../../node_modules/.pnpm/aws-cdk-lib@2.214.0_constructs@10.4.2/node_modules/aws-cdk-lib/node_modules/mime-types": {
      "version": "2.1.35",
      "inBundle": true,
      "license": "MIT",
      "dependencies": {
        "mime-db": "1.52.0"
      },
      "engines": {
        "node": ">= 0.6"
      }
    },
    "../../node_modules/.pnpm/aws-cdk-lib@2.214.0_constructs@10.4.2/node_modules/aws-cdk-lib/node_modules/minimatch": {
      "version": "3.1.2",
      "inBundle": true,
      "license": "ISC",
      "dependencies": {
        "brace-expansion": "^1.1.7"
      },
      "engines": {
        "node": "*"
      }
    },
    "../../node_modules/.pnpm/aws-cdk-lib@2.214.0_constructs@10.4.2/node_modules/aws-cdk-lib/node_modules/punycode": {
      "version": "2.3.1",
      "inBundle": true,
      "license": "MIT",
      "engines": {
        "node": ">=6"
      }
    },
    "../../node_modules/.pnpm/aws-cdk-lib@2.214.0_constructs@10.4.2/node_modules/aws-cdk-lib/node_modules/require-from-string": {
      "version": "2.0.2",
      "inBundle": true,
      "license": "MIT",
      "engines": {
        "node": ">=0.10.0"
      }
    },
    "../../node_modules/.pnpm/aws-cdk-lib@2.214.0_constructs@10.4.2/node_modules/aws-cdk-lib/node_modules/semver": {
      "version": "7.7.2",
      "inBundle": true,
      "license": "ISC",
      "bin": {
        "semver": "bin/semver.js"
      },
      "engines": {
        "node": ">=10"
      }
    },
    "../../node_modules/.pnpm/aws-cdk-lib@2.214.0_constructs@10.4.2/node_modules/aws-cdk-lib/node_modules/slice-ansi": {
      "version": "4.0.0",
      "inBundle": true,
      "license": "MIT",
      "dependencies": {
        "ansi-styles": "^4.0.0",
        "astral-regex": "^2.0.0",
        "is-fullwidth-code-point": "^3.0.0"
      },
      "engines": {
        "node": ">=10"
      },
      "funding": {
        "url": "https://github.com/chalk/slice-ansi?sponsor=1"
      }
    },
    "../../node_modules/.pnpm/aws-cdk-lib@2.214.0_constructs@10.4.2/node_modules/aws-cdk-lib/node_modules/string-width": {
      "version": "4.2.3",
      "inBundle": true,
      "license": "MIT",
      "dependencies": {
        "emoji-regex": "^8.0.0",
        "is-fullwidth-code-point": "^3.0.0",
        "strip-ansi": "^6.0.1"
      },
      "engines": {
        "node": ">=8"
      }
    },
    "../../node_modules/.pnpm/aws-cdk-lib@2.214.0_constructs@10.4.2/node_modules/aws-cdk-lib/node_modules/strip-ansi": {
      "version": "6.0.1",
      "inBundle": true,
      "license": "MIT",
      "dependencies": {
        "ansi-regex": "^5.0.1"
      },
      "engines": {
        "node": ">=8"
      }
    },
    "../../node_modules/.pnpm/aws-cdk-lib@2.214.0_constructs@10.4.2/node_modules/aws-cdk-lib/node_modules/table": {
      "version": "6.9.0",
      "inBundle": true,
      "license": "BSD-3-Clause",
      "dependencies": {
        "ajv": "^8.0.1",
        "lodash.truncate": "^4.4.2",
        "slice-ansi": "^4.0.0",
        "string-width": "^4.2.3",
        "strip-ansi": "^6.0.1"
      },
      "engines": {
        "node": ">=10.0.0"
      }
    },
    "../../node_modules/.pnpm/aws-cdk-lib@2.214.0_constructs@10.4.2/node_modules/aws-cdk-lib/node_modules/universalify": {
      "version": "2.0.1",
      "inBundle": true,
      "license": "MIT",
      "engines": {
        "node": ">= 10.0.0"
      }
    },
    "../../node_modules/.pnpm/aws-cdk-lib@2.214.0_constructs@10.4.2/node_modules/aws-cdk-lib/node_modules/yaml": {
      "version": "1.10.2",
      "inBundle": true,
      "license": "ISC",
      "engines": {
        "node": ">= 6"
      }
    },
    "../../node_modules/.pnpm/aws-cdk@2.1027.0/node_modules/aws-cdk": {
      "version": "2.1027.0",
      "dev": true,
      "license": "Apache-2.0",
      "bin": {
        "cdk": "bin/cdk"
      },
      "devDependencies": {
        "@aws-cdk/cdk-assets-lib": "^1.0.3",
        "@aws-cdk/cli-plugin-contract": "2.181.1",
        "@aws-cdk/cloud-assembly-schema": ">=48.6.0",
        "@aws-cdk/cloudformation-diff": "2.183.1",
        "@aws-cdk/cx-api": "^2.211.0",
        "@aws-cdk/toolkit-lib": "^1.6.1",
        "@aws-cdk/user-input-gen": "0.0.0",
        "@aws-sdk/client-appsync": "^3",
        "@aws-sdk/client-cloudcontrol": "^3",
        "@aws-sdk/client-cloudformation": "^3",
        "@aws-sdk/client-cloudwatch-logs": "^3",
        "@aws-sdk/client-codebuild": "^3",
        "@aws-sdk/client-ec2": "^3",
        "@aws-sdk/client-ecr": "^3",
        "@aws-sdk/client-ecs": "^3",
        "@aws-sdk/client-elastic-load-balancing-v2": "^3",
        "@aws-sdk/client-iam": "^3",
        "@aws-sdk/client-kms": "^3",
        "@aws-sdk/client-lambda": "^3",
        "@aws-sdk/client-route-53": "^3",
        "@aws-sdk/client-s3": "^3",
        "@aws-sdk/client-secrets-manager": "^3",
        "@aws-sdk/client-sfn": "^3",
        "@aws-sdk/client-ssm": "^3",
        "@aws-sdk/client-sts": "^3",
        "@aws-sdk/credential-providers": "^3",
        "@aws-sdk/ec2-metadata-service": "^3",
        "@aws-sdk/lib-storage": "^3",
        "@aws-sdk/middleware-endpoint": "^3.374.0",
        "@aws-sdk/util-retry": "^3.374.0",
        "@aws-sdk/util-waiter": "^3.374.0",
        "@cdklabs/eslint-plugin": "^1.3.3",
        "@smithy/middleware-endpoint": "^4.1.18",
        "@smithy/property-provider": "^4.0.5",
        "@smithy/shared-ini-file-loader": "^4.0.5",
        "@smithy/types": "^4.3.2",
        "@smithy/util-retry": "^4.0.7",
        "@smithy/util-waiter": "^4.0.7",
        "@stylistic/eslint-plugin": "^3",
        "@types/archiver": "^6.0.3",
        "@types/fs-extra": "^9",
        "@types/jest": "^29.5.14",
        "@types/mockery": "^1.4.33",
        "@types/node": "^16",
        "@types/promptly": "^3.0.5",
        "@types/semver": "^7.7.0",
        "@types/sinon": "^17.0.4",
        "@types/yargs": "^15",
        "@typescript-eslint/eslint-plugin": "^8",
        "@typescript-eslint/parser": "^8",
        "archiver": "^7.0.1",
        "aws-cdk-lib": "2.211.0",
        "aws-sdk-client-mock": "^4.1.0",
        "aws-sdk-client-mock-jest": "^4.1.0",
        "axios": "^1.11.0",
        "camelcase": "^6",
        "cdk-from-cfn": "^0.236.0",
        "chalk": "^4",
        "chokidar": "^3",
        "commit-and-tag-version": "^12",
        "constructs": "^10.0.0",
        "decamelize": "^5",
        "enquirer": "^2.4.1",
        "eslint": "^9",
        "eslint-config-prettier": "^10.1.8",
        "eslint-import-resolver-typescript": "^3.10.1",
        "eslint-plugin-import": "^2.32.0",
        "eslint-plugin-jest": "^28.14.0",
        "eslint-plugin-jsdoc": "^50.8.0",
        "eslint-plugin-prettier": "^5.5.4",
        "fast-check": "^3.23.2",
        "fs-extra": "^9",
        "glob": "^11.0.3",
        "jest": "^29.7.0",
        "jest-environment-node": "^29.7.0",
        "jest-junit": "^16",
        "jest-mock": "^29.7.0",
        "license-checker": "^25.0.1",
        "madge": "^8.0.0",
        "minimatch": "10.0.3",
        "nock": "13",
        "node-backpack": "^1.1.3",
        "p-limit": "^3",
        "prettier": "^2.8",
        "promptly": "^3.2.0",
        "proxy-agent": "^6.5.0",
        "semver": "^7.7.2",
        "sinon": "^19.0.5",
        "strip-ansi": "^6",
        "ts-jest": "^29.4.1",
        "ts-mock-imports": "^1.3.17",
        "typescript": "5.8",
        "uuid": "^11.1.0",
        "wrap-ansi": "^7",
        "xml-js": "^1.6.11",
        "yaml": "^1",
        "yargs": "^15"
      },
      "engines": {
        "node": ">= 18.0.0"
      },
      "optionalDependencies": {
        "fsevents": "2.3.2"
      }
    },
    "../../node_modules/.pnpm/cdk-nag@2.37.21_aws-cdk-lib@2.214.0_constructs@10.4.2__constructs@10.4.2/node_modules/cdk-nag": {
      "version": "2.37.21",
      "license": "Apache-2.0",
      "devDependencies": {
        "@aws-cdk/assert": "^2.18",
        "@types/jest": "^27",
        "@types/node": "^16 <= 16.18.78",
        "@typescript-eslint/eslint-plugin": "^8",
        "@typescript-eslint/parser": "^8",
        "aws-cdk-lib": "2.176.0",
        "commit-and-tag-version": "^12",
        "constructs": "10.0.5",
        "eslint": "^9",
        "eslint-config-prettier": "^8.10.2",
        "eslint-import-resolver-typescript": "^2.7.1",
        "eslint-plugin-import": "^2.32.0",
        "eslint-plugin-prettier": "^3.4.1",
        "jest": "^27",
        "jest-junit": "^16",
        "jsii": "5.8",
        "jsii-diff": "^1.114.1",
        "jsii-docgen": "^10.5.0",
        "jsii-pacmak": "^1.114.1",
        "jsii-rosetta": "5.8",
        "prettier": "^2.8.8",
        "projen": "^0.95.6",
        "ts-jest": "^27",
        "typescript": "^4.9.5"
      },
      "peerDependencies": {
        "aws-cdk-lib": "^2.176.0",
        "constructs": "^10.0.5"
      }
    },
    "../../node_modules/.pnpm/constructs@10.4.2/node_modules/constructs": {
      "version": "10.4.2",
      "license": "Apache-2.0",
      "devDependencies": {
        "@types/jest": "^29",
        "@types/node": "^18",
        "@typescript-eslint/eslint-plugin": "^7",
        "@typescript-eslint/parser": "^7",
        "cdklabs-projen-project-types": "^0.1.204",
        "commit-and-tag-version": "^12",
        "eslint": "^8",
        "eslint-import-resolver-typescript": "^3.6.3",
        "eslint-plugin-import": "^2.31.0",
        "jest": "^29",
        "jest-junit": "^15",
        "jsii": "5.4.x",
        "jsii-diff": "^1.104.0",
        "jsii-docgen": "^10.5.0",
        "jsii-pacmak": "1.102.0",
        "jsii-rosetta": "5.4.x",
        "projen": "^0.87.4",
        "ts-jest": "^29",
        "ts-node": "^10.9.2",
        "typescript": "5.4.x"
      }
    },
    "../../node_modules/.pnpm/esbuild@0.25.9/node_modules/esbuild": {
      "version": "0.25.9",
      "hasInstallScript": true,
      "license": "MIT",
      "bin": {
        "esbuild": "bin/esbuild"
      },
      "engines": {
        "node": ">=18"
      },
      "optionalDependencies": {
        "@esbuild/aix-ppc64": "0.25.9",
        "@esbuild/android-arm": "0.25.9",
        "@esbuild/android-arm64": "0.25.9",
        "@esbuild/android-x64": "0.25.9",
        "@esbuild/darwin-arm64": "0.25.9",
        "@esbuild/darwin-x64": "0.25.9",
        "@esbuild/freebsd-arm64": "0.25.9",
        "@esbuild/freebsd-x64": "0.25.9",
        "@esbuild/linux-arm": "0.25.9",
        "@esbuild/linux-arm64": "0.25.9",
        "@esbuild/linux-ia32": "0.25.9",
        "@esbuild/linux-loong64": "0.25.9",
        "@esbuild/linux-mips64el": "0.25.9",
        "@esbuild/linux-ppc64": "0.25.9",
        "@esbuild/linux-riscv64": "0.25.9",
        "@esbuild/linux-s390x": "0.25.9",
        "@esbuild/linux-x64": "0.25.9",
        "@esbuild/netbsd-arm64": "0.25.9",
        "@esbuild/netbsd-x64": "0.25.9",
        "@esbuild/openbsd-arm64": "0.25.9",
        "@esbuild/openbsd-x64": "0.25.9",
        "@esbuild/openharmony-arm64": "0.25.9",
        "@esbuild/sunos-x64": "0.25.9",
        "@esbuild/win32-arm64": "0.25.9",
        "@esbuild/win32-ia32": "0.25.9",
        "@esbuild/win32-x64": "0.25.9"
      }
    },
    "../../node_modules/.pnpm/ts-node@10.9.2_@types+node@24.3.0_typescript@5.9.2/node_modules/ts-node": {
      "version": "10.9.2",
      "extraneous": true,
      "license": "MIT",
      "dependencies": {
        "@cspotcode/source-map-support": "^0.8.0",
        "@tsconfig/node10": "^1.0.7",
        "@tsconfig/node12": "^1.0.7",
        "@tsconfig/node14": "^1.0.0",
        "@tsconfig/node16": "^1.0.2",
        "acorn": "^8.4.1",
        "acorn-walk": "^8.1.1",
        "arg": "^4.1.0",
        "create-require": "^1.1.0",
        "diff": "^4.0.1",
        "make-error": "^1.1.1",
        "v8-compile-cache-lib": "^3.0.1",
        "yn": "3.1.1"
      },
      "bin": {
        "ts-node": "dist/bin.js",
        "ts-node-cwd": "dist/bin-cwd.js",
        "ts-node-esm": "dist/bin-esm.js",
        "ts-node-script": "dist/bin-script.js",
        "ts-node-transpile-only": "dist/bin-transpile.js",
        "ts-script": "dist/bin-script-deprecated.js"
      },
      "devDependencies": {
        "@microsoft/api-extractor": "^7.19.4",
        "@swc/core": "^1.3.100",
        "@swc/wasm": "^1.3.100",
        "@types/diff": "^4.0.2",
        "@types/lodash": "^4.14.151",
        "@types/node": "13.13.5",
        "@types/proper-lockfile": "^4.1.2",
        "@types/proxyquire": "^1.3.28",
        "@types/react": "^16.14.19",
        "@types/rimraf": "^3.0.0",
        "@types/semver": "^7.1.0",
        "@yarnpkg/fslib": "^2.4.0",
        "ava": "^3.15.0",
        "axios": "^0.21.1",
        "dprint": "^0.25.0",
        "expect": "^27.0.2",
        "get-stream": "^6.0.0",
        "lodash": "^4.17.15",
        "ntypescript": "^1.201507091536.1",
        "nyc": "^15.0.1",
        "outdent": "^0.8.0",
        "proper-lockfile": "^4.1.2",
        "proxyquire": "^2.0.0",
        "react": "^16.14.0",
        "rimraf": "^3.0.0",
        "semver": "^7.1.3",
        "throat": "^6.0.1",
        "typedoc": "^0.22.10",
        "typescript": "4.7.4",
        "typescript-json-schema": "^0.53.0",
        "util.promisify": "^1.0.1"
      },
      "peerDependencies": {
        "@swc/core": ">=1.2.50",
        "@swc/wasm": ">=1.2.50",
        "@types/node": "*",
        "typescript": ">=2.7"
      },
      "peerDependenciesMeta": {
        "@swc/core": {
          "optional": true
        },
        "@swc/wasm": {
          "optional": true
        }
      }
    },
    "../../node_modules/.pnpm/typescript@5.9.2/node_modules/typescript": {
      "version": "5.9.2",
      "dev": true,
      "license": "Apache-2.0",
      "bin": {
        "tsc": "bin/tsc",
        "tsserver": "bin/tsserver"
      },
      "devDependencies": {
        "@dprint/formatter": "^0.4.1",
        "@dprint/typescript": "0.93.4",
        "@esfx/canceltoken": "^1.0.0",
        "@eslint/js": "^9.20.0",
        "@octokit/rest": "^21.1.1",
        "@types/chai": "^4.3.20",
        "@types/diff": "^7.0.1",
        "@types/minimist": "^1.2.5",
        "@types/mocha": "^10.0.10",
        "@types/ms": "^0.7.34",
        "@types/node": "latest",
        "@types/source-map-support": "^0.5.10",
        "@types/which": "^3.0.4",
        "@typescript-eslint/rule-tester": "^8.24.1",
        "@typescript-eslint/type-utils": "^8.24.1",
        "@typescript-eslint/utils": "^8.24.1",
        "azure-devops-node-api": "^14.1.0",
        "c8": "^10.1.3",
        "chai": "^4.5.0",
        "chokidar": "^4.0.3",
        "diff": "^7.0.0",
        "dprint": "^0.49.0",
        "esbuild": "^0.25.0",
        "eslint": "^9.20.1",
        "eslint-formatter-autolinkable-stylish": "^1.4.0",
        "eslint-plugin-regexp": "^2.7.0",
        "fast-xml-parser": "^4.5.2",
        "glob": "^10.4.5",
        "globals": "^15.15.0",
        "hereby": "^1.10.0",
        "jsonc-parser": "^3.3.1",
        "knip": "^5.44.4",
        "minimist": "^1.2.8",
        "mocha": "^10.8.2",
        "mocha-fivemat-progress-reporter": "^0.1.0",
        "monocart-coverage-reports": "^2.12.1",
        "ms": "^2.1.3",
        "picocolors": "^1.1.1",
        "playwright": "^1.50.1",
        "source-map-support": "^0.5.21",
        "tslib": "^2.8.1",
        "typescript": "^5.7.3",
        "typescript-eslint": "^8.24.1",
        "which": "^3.0.1"
      },
      "engines": {
        "node": ">=14.17"
      }
    },
    "node_modules/@aws-cdk/aws-amplify-alpha": {
      "resolved": "../../node_modules/.pnpm/@aws-cdk+aws-amplify-alpha@2.214.0-alpha.0_aws-cdk-lib@2.214.0_constructs@10.4.2__constructs@10.4.2/node_modules/@aws-cdk/aws-amplify-alpha",
      "link": true
    },
    "node_modules/@aws-sdk/client-bedrock-agentcore": {
      "resolved": "../../node_modules/.pnpm/@aws-sdk+client-bedrock-agentcore@3.891.0/node_modules/@aws-sdk/client-bedrock-agentcore",
      "link": true
    },
    "node_modules/@types/aws-lambda": {
      "version": "8.10.152",
      "resolved": "https://registry.npmjs.org/@types/aws-lambda/-/aws-lambda-8.10.152.tgz",
      "integrity": "sha512-soT/c2gYBnT5ygwiHPmd9a1bftj462NWVk2tKCc1PYHSIacB2UwbTS2zYG4jzag1mRDuzg/OjtxQjQ2NKRB6Rw==",
      "dev": true,
      "license": "MIT"
    },
    "node_modules/@types/node": {
      "resolved": "../../node_modules/.pnpm/@types+node@24.3.0/node_modules/@types/node",
      "link": true
    },
    "node_modules/aws-cdk": {
      "resolved": "../../node_modules/.pnpm/aws-cdk@2.1027.0/node_modules/aws-cdk",
      "link": true
    },
    "node_modules/aws-cdk-lib": {
      "resolved": "../../node_modules/.pnpm/aws-cdk-lib@2.214.0_constructs@10.4.2/node_modules/aws-cdk-lib",
      "link": true
    },
    "node_modules/cdk-nag": {
      "resolved": "../../node_modules/.pnpm/cdk-nag@2.37.21_aws-cdk-lib@2.214.0_constructs@10.4.2__constructs@10.4.2/node_modules/cdk-nag",
      "link": true
    },
    "node_modules/constructs": {
      "resolved": "../../node_modules/.pnpm/constructs@10.4.2/node_modules/constructs",
      "link": true
    },
    "node_modules/esbuild": {
      "resolved": "../../node_modules/.pnpm/esbuild@0.25.9/node_modules/esbuild",
      "link": true
    },
    "node_modules/typescript": {
      "resolved": "../../node_modules/.pnpm/typescript@5.9.2/node_modules/typescript",
      "link": true
    }
  }
}
